{
  "name": "@cuties/is",
  "version": "1.0.7",
  "lockfileVersion": 1,
  "requires": true,
  "dependencies": {
    "@cuties/cutie": {
      "version": "1.4.3",
      "resolved": "https://registry.npmjs.org/@cuties/cutie/-/cutie-1.4.3.tgz",
      "integrity": "sha512-oxcFZMdaSgVSasqQoNVp3R/dUniMxszlNgYLI6A/te5FY0b44yovqEpl7REJjorRYpdaZfjc8fHIaPZxWoa3aA=="
    }
  }
}
